
Microsoft Visual Studio Solution File, Format Version 12.00
# Visual Studio Version 16
VisualStudioVersion = 16.0.30413.136
MinimumVisualStudioVersion = 10.0.40219.1
Project("{FAE04EC0-301F-11D3-BF4B-00C04F79EFBC}") = "HomeWorkWeek1Problem1", "HomeWorkWeek1Problem1\HomeWorkWeek1Problem1.csproj", "{D6E65BEC-BD29-43EA-A73F-F8B5153A55C6}"
EndProject
Global
	GlobalSection(SolutionConfigurationPlatforms) = preSolution
		Debug|Any CPU = Debug|Any CPU
		Release|Any CPU = Release|Any CPU
	EndGlobalSection
	GlobalSection(ProjectConfigurationPlatforms) = postSolution
		{D6E65BEC-BD29-43EA-A73F-F8B5153A55C6}.Debug|Any CPU.ActiveCfg = Debug|Any CPU
		{D6E65BEC-BD29-43EA-A73F-F8B5153A55C6}.Debug|Any CPU.Build.0 = Debug|Any CPU
		{D6E65BEC-BD29-43EA-A73F-F8B5153A55C6}.Release|Any CPU.ActiveCfg = Release|Any CPU
		{D6E65BEC-BD29-43EA-A73F-F8B5153A55C6}.Release|Any CPU.Build.0 = Release|Any CPU
	EndGlobalSection
	GlobalSection(SolutionProperties) = preSolution
		HideSolutionNode = FALSE
	EndGlobalSection
	GlobalSection(ExtensibilityGlobals) = postSolution
		SolutionGuid = {D1362E50-52FE-41CD-887E-C6441AC800E7}
	EndGlobalSection
EndGlobal
